// !$*UTF8*$!
{
	archiveVersion = 1;
	classes = {
	};
	objectVersion = 46;
	objects = {

/* Begin PBXBuildFile section */
		1D3623260D0F684500981E51 /* SchoolsPicsAppDelegate.m in Sources */ = {isa = PBXBuildFile; fileRef = 1D3623250D0F684500981E51 /* SchoolsPicsAppDelegate.m */; };
		1D60589B0D05DD56006BFB54 /* main.m in Sources */ = {isa = PBXBuildFile; fileRef = 29B97316FDCFA39411CA2CEA /* main.m */; };
		1D60589F0D05DD5A006BFB54 /* Foundation.framework in Frameworks */ = {isa = PBXBuildFile; fileRef = 1D30AB110D05D00D00671497 /* Foundation.framework */; };
		1DF5F4E00D08C38300B7A737 /* UIKit.framework in Frameworks */ = {isa = PBXBuildFile; fileRef = 1DF5F4DF0D08C38300B7A737 /* UIKit.framework */; };
		2804200B108E984D000629CD /* RootViewController.m in Sources */ = {isa = PBXBuildFile; fileRef = 28042008108E984D000629CD /* RootViewController.m */; };
		2804200C108E984D000629CD /* DetailViewController.m in Sources */ = {isa = PBXBuildFile; fileRef = 2804200A108E984D000629CD /* DetailViewController.m */; };
		2804203C108E9BAB000629CD /* DetailView.xib in Resources */ = {isa = PBXBuildFile; fileRef = 2804203B108E9BAB000629CD /* DetailView.xib */; };
		280420C1108EA07E000629CD /* CoreData.framework in Frameworks */ = {isa = PBXBuildFile; fileRef = 280420C0108EA07E000629CD /* CoreData.framework */; };
		2819300E112F7FA900ECF9B4 /* SchoolsPics.xcdatamodeld in Sources */ = {isa = PBXBuildFile; fileRef = 2819300D112F7FA900ECF9B4 /* SchoolsPics.xcdatamodeld */; };
		2892E4100DC94CBA00A64D0F /* CoreGraphics.framework in Frameworks */ = {isa = PBXBuildFile; fileRef = 2892E40F0DC94CBA00A64D0F /* CoreGraphics.framework */; };
		28AD73600D9D9599002E5188 /* MainWindow.xib in Resources */ = {isa = PBXBuildFile; fileRef = 28AD735F0D9D9599002E5188 /* MainWindow.xib */; };
		6018263A1226F8D300EFBFE1 /* SchoolFormController.m in Sources */ = {isa = PBXBuildFile; fileRef = 601826381226F8D300EFBFE1 /* SchoolFormController.m */; };
		6018263B1226F8D300EFBFE1 /* SchoolForm.xib in Resources */ = {isa = PBXBuildFile; fileRef = 601826391226F8D300EFBFE1 /* SchoolForm.xib */; };
		601826B8122704FA00EFBFE1 /* SchoolsPics.xcdatamodel in Sources */ = {isa = PBXBuildFile; fileRef = 280420B3108E9F58000629CD /* SchoolsPics.xcdatamodel */; };
		601828461227149D00EFBFE1 /* CounterCell.m in Sources */ = {isa = PBXBuildFile; fileRef = 601828451227149D00EFBFE1 /* CounterCell.m */; };
		602B4DAE122A558800124898 /* JAVBinarySearchAdditions.m in Sources */ = {isa = PBXBuildFile; fileRef = 602B4DAD122A558800124898 /* JAVBinarySearchAdditions.m */; };
		6051EA1E122AF1F3002179BB /* MessageUI.framework in Frameworks */ = {isa = PBXBuildFile; fileRef = 6051EA1D122AF1F3002179BB /* MessageUI.framework */; };
		6051EA43122AF42D002179BB /* ICUTemplateMatcher.m in Sources */ = {isa = PBXBuildFile; fileRef = 6051EA31122AF42D002179BB /* ICUTemplateMatcher.m */; };
		6051EA44122AF42D002179BB /* MGTemplateEngine.m in Sources */ = {isa = PBXBuildFile; fileRef = 6051EA33122AF42D002179BB /* MGTemplateEngine.m */; };
		6051EA45122AF42D002179BB /* MGTemplateStandardFilters.m in Sources */ = {isa = PBXBuildFile; fileRef = 6051EA38122AF42D002179BB /* MGTemplateStandardFilters.m */; };
		6051EA46122AF42D002179BB /* MGTemplateStandardMarkers.m in Sources */ = {isa = PBXBuildFile; fileRef = 6051EA3A122AF42D002179BB /* MGTemplateStandardMarkers.m */; };
		6051EA47122AF42D002179BB /* NSArray_DeepMutableCopy.m in Sources */ = {isa = PBXBuildFile; fileRef = 6051EA3C122AF42D002179BB /* NSArray_DeepMutableCopy.m */; };
		6051EA48122AF42D002179BB /* NSDictionary_DeepMutableCopy.m in Sources */ = {isa = PBXBuildFile; fileRef = 6051EA3E122AF42D002179BB /* NSDictionary_DeepMutableCopy.m */; };
		6051EA49122AF42D002179BB /* RegexKitLite.m in Sources */ = {isa = PBXBuildFile; fileRef = 6051EA40122AF42D002179BB /* RegexKitLite.m */; };
		6051EA4C122AF447002179BB /* libicucore.dylib in Frameworks */ = {isa = PBXBuildFile; fileRef = 6051EA4B122AF447002179BB /* libicucore.dylib */; };
		6051EA4F122AF46D002179BB /* mail.html in Resources */ = {isa = PBXBuildFile; fileRef = 6051EA4E122AF46D002179BB /* mail.html */; };
		609EF3B91229493D0064F290 /* SchoolCell.m in Sources */ = {isa = PBXBuildFile; fileRef = 609EF3B81229493D0064F290 /* SchoolCell.m */; };
		609EF40012294C580064F290 /* ClassViewController.m in Sources */ = {isa = PBXBuildFile; fileRef = 609EF3FE12294C580064F290 /* ClassViewController.m */; };
		609EF40112294C580064F290 /* ClassViewController.xib in Resources */ = {isa = PBXBuildFile; fileRef = 609EF3FF12294C580064F290 /* ClassViewController.xib */; };
		609EF49E122952A60064F290 /* ClassForm.xib in Resources */ = {isa = PBXBuildFile; fileRef = 609EF49D122952A60064F290 /* ClassForm.xib */; };
		609EF4A1122952D20064F290 /* ClassFormController.m in Sources */ = {isa = PBXBuildFile; fileRef = 609EF4A0122952D20064F290 /* ClassFormController.m */; };
		60C15F1912298993004C5764 /* School.m in Sources */ = {isa = PBXBuildFile; fileRef = 60C15F1812298993004C5764 /* School.m */; };
		60C15F2E12298A5E004C5764 /* SchoolClass.m in Sources */ = {isa = PBXBuildFile; fileRef = 60C15F2D12298A5E004C5764 /* SchoolClass.m */; };
/* End PBXBuildFile section */

/* Begin PBXFileReference section */
		1D30AB110D05D00D00671497 /* Foundation.framework */ = {isa = PBXFileReference; lastKnownFileType = wrapper.framework; name = Foundation.framework; path = System/Library/Frameworks/Foundation.framework; sourceTree = SDKROOT; };
		1D3623240D0F684500981E51 /* SchoolsPicsAppDelegate.h */ = {isa = PBXFileReference; fileEncoding = 4; lastKnownFileType = sourcecode.c.h; path = SchoolsPicsAppDelegate.h; sourceTree = "<group>"; };
		1D3623250D0F684500981E51 /* SchoolsPicsAppDelegate.m */ = {isa = PBXFileReference; fileEncoding = 4; lastKnownFileType = sourcecode.c.objc; path = SchoolsPicsAppDelegate.m; sourceTree = "<group>"; };
		1D6058910D05DD3D006BFB54 /* SchoolsPics.app */ = {isa = PBXFileReference; explicitFileType = wrapper.application; includeInIndex = 0; path = SchoolsPics.app; sourceTree = BUILT_PRODUCTS_DIR; };
		1DF5F4DF0D08C38300B7A737 /* UIKit.framework */ = {isa = PBXFileReference; lastKnownFileType = wrapper.framework; name = UIKit.framework; path = System/Library/Frameworks/UIKit.framework; sourceTree = SDKROOT; };
		28042007108E984D000629CD /* RootViewController.h */ = {isa = PBXFileReference; fileEncoding = 4; lastKnownFileType = sourcecode.c.h; path = RootViewController.h; sourceTree = "<group>"; };
		28042008108E984D000629CD /* RootViewController.m */ = {isa = PBXFileReference; fileEncoding = 4; lastKnownFileType = sourcecode.c.objc; path = RootViewController.m; sourceTree = "<group>"; };
		28042009108E984D000629CD /* DetailViewController.h */ = {isa = PBXFileReference; fileEncoding = 4; lastKnownFileType = sourcecode.c.h; path = DetailViewController.h; sourceTree = "<group>"; };
		2804200A108E984D000629CD /* DetailViewController.m */ = {isa = PBXFileReference; fileEncoding = 4; lastKnownFileType = sourcecode.c.objc; path = DetailViewController.m; sourceTree = "<group>"; };
		2804203B108E9BAB000629CD /* DetailView.xib */ = {isa = PBXFileReference; lastKnownFileType = file.xib; path = DetailView.xib; sourceTree = "<group>"; };
		280420B3108E9F58000629CD /* SchoolsPics.xcdatamodel */ = {isa = PBXFileReference; fileEncoding = 4; lastKnownFileType = wrapper.xcdatamodel; path = SchoolsPics.xcdatamodel; sourceTree = "<group>"; };
		280420C0108EA07E000629CD /* CoreData.framework */ = {isa = PBXFileReference; lastKnownFileType = wrapper.framework; name = CoreData.framework; path = System/Library/Frameworks/CoreData.framework; sourceTree = SDKROOT; };
		2892E40F0DC94CBA00A64D0F /* CoreGraphics.framework */ = {isa = PBXFileReference; lastKnownFileType = wrapper.framework; name = CoreGraphics.framework; path = System/Library/Frameworks/CoreGraphics.framework; sourceTree = SDKROOT; };
		28A0AAE50D9B0CCF005BE974 /* SchoolsPics_Prefix.pch */ = {isa = PBXFileReference; fileEncoding = 4; lastKnownFileType = sourcecode.c.h; path = SchoolsPics_Prefix.pch; sourceTree = "<group>"; };
		28AD735F0D9D9599002E5188 /* MainWindow.xib */ = {isa = PBXFileReference; lastKnownFileType = file.xib; path = MainWindow.xib; sourceTree = "<group>"; };
		29B97316FDCFA39411CA2CEA /* main.m */ = {isa = PBXFileReference; fileEncoding = 4; lastKnownFileType = sourcecode.c.objc; path = main.m; sourceTree = "<group>"; };
		601826371226F8D300EFBFE1 /* SchoolFormController.h */ = {isa = PBXFileReference; fileEncoding = 4; lastKnownFileType = sourcecode.c.h; name = SchoolFormController.h; path = ../SchoolFormController.h; sourceTree = "<group>"; };
		601826381226F8D300EFBFE1 /* SchoolFormController.m */ = {isa = PBXFileReference; fileEncoding = 4; lastKnownFileType = sourcecode.c.objc; name = SchoolFormController.m; path = ../SchoolFormController.m; sourceTree = "<group>"; };
		601826391226F8D300EFBFE1 /* SchoolForm.xib */ = {isa = PBXFileReference; lastKnownFileType = file.xib; path = SchoolForm.xib; sourceTree = "<group>"; };
		601828441227149D00EFBFE1 /* CounterCell.h */ = {isa = PBXFileReference; fileEncoding = 4; lastKnownFileType = sourcecode.c.h; name = CounterCell.h; path = Components/CounterCell.h; sourceTree = "<group>"; };
		601828451227149D00EFBFE1 /* CounterCell.m */ = {isa = PBXFileReference; fileEncoding = 4; lastKnownFileType = sourcecode.c.objc; name = CounterCell.m; path = Components/CounterCell.m; sourceTree = "<group>"; };
		602B4DAC122A558800124898 /* JAVBinarySearchAdditions.h */ = {isa = PBXFileReference; fileEncoding = 4; lastKnownFileType = sourcecode.c.h; path = JAVBinarySearchAdditions.h; sourceTree = "<group>"; };
		602B4DAD122A558800124898 /* JAVBinarySearchAdditions.m */ = {isa = PBXFileReference; fileEncoding = 4; lastKnownFileType = sourcecode.c.objc; path = JAVBinarySearchAdditions.m; sourceTree = "<group>"; };
		6051EA1D122AF1F3002179BB /* MessageUI.framework */ = {isa = PBXFileReference; lastKnownFileType = wrapper.framework; name = MessageUI.framework; path = System/Library/Frameworks/MessageUI.framework; sourceTree = SDKROOT; };
		6051EA2F122AF42D002179BB /* DeepMutableCopy.h */ = {isa = PBXFileReference; fileEncoding = 4; lastKnownFileType = sourcecode.c.h; path = DeepMutableCopy.h; sourceTree = "<group>"; };
		6051EA30122AF42D002179BB /* ICUTemplateMatcher.h */ = {isa = PBXFileReference; fileEncoding = 4; lastKnownFileType = sourcecode.c.h; path = ICUTemplateMatcher.h; sourceTree = "<group>"; };
		6051EA31122AF42D002179BB /* ICUTemplateMatcher.m */ = {isa = PBXFileReference; fileEncoding = 4; lastKnownFileType = sourcecode.c.objc; path = ICUTemplateMatcher.m; sourceTree = "<group>"; };
		6051EA32122AF42D002179BB /* MGTemplateEngine.h */ = {isa = PBXFileReference; fileEncoding = 4; lastKnownFileType = sourcecode.c.h; path = MGTemplateEngine.h; sourceTree = "<group>"; };
		6051EA33122AF42D002179BB /* MGTemplateEngine.m */ = {isa = PBXFileReference; fileEncoding = 4; lastKnownFileType = sourcecode.c.objc; path = MGTemplateEngine.m; sourceTree = "<group>"; };
		6051EA34122AF42D002179BB /* MGTemplateEngine_Prefix.pch */ = {isa = PBXFileReference; fileEncoding = 4; lastKnownFileType = sourcecode.c.h; path = MGTemplateEngine_Prefix.pch; sourceTree = "<group>"; };
		6051EA35122AF42D002179BB /* MGTemplateFilter.h */ = {isa = PBXFileReference; fileEncoding = 4; lastKnownFileType = sourcecode.c.h; path = MGTemplateFilter.h; sourceTree = "<group>"; };
		6051EA36122AF42D002179BB /* MGTemplateMarker.h */ = {isa = PBXFileReference; fileEncoding = 4; lastKnownFileType = sourcecode.c.h; path = MGTemplateMarker.h; sourceTree = "<group>"; };
		6051EA37122AF42D002179BB /* MGTemplateStandardFilters.h */ = {isa = PBXFileReference; fileEncoding = 4; lastKnownFileType = sourcecode.c.h; path = MGTemplateStandardFilters.h; sourceTree = "<group>"; };
		6051EA38122AF42D002179BB /* MGTemplateStandardFilters.m */ = {isa = PBXFileReference; fileEncoding = 4; lastKnownFileType = sourcecode.c.objc; path = MGTemplateStandardFilters.m; sourceTree = "<group>"; };
		6051EA39122AF42D002179BB /* MGTemplateStandardMarkers.h */ = {isa = PBXFileReference; fileEncoding = 4; lastKnownFileType = sourcecode.c.h; path = MGTemplateStandardMarkers.h; sourceTree = "<group>"; };
		6051EA3A122AF42D002179BB /* MGTemplateStandardMarkers.m */ = {isa = PBXFileReference; fileEncoding = 4; lastKnownFileType = sourcecode.c.objc; path = MGTemplateStandardMarkers.m; sourceTree = "<group>"; };
		6051EA3B122AF42D002179BB /* NSArray_DeepMutableCopy.h */ = {isa = PBXFileReference; fileEncoding = 4; lastKnownFileType = sourcecode.c.h; path = NSArray_DeepMutableCopy.h; sourceTree = "<group>"; };
		6051EA3C122AF42D002179BB /* NSArray_DeepMutableCopy.m */ = {isa = PBXFileReference; fileEncoding = 4; lastKnownFileType = sourcecode.c.objc; path = NSArray_DeepMutableCopy.m; sourceTree = "<group>"; };
		6051EA3D122AF42D002179BB /* NSDictionary_DeepMutableCopy.h */ = {isa = PBXFileReference; fileEncoding = 4; lastKnownFileType = sourcecode.c.h; path = NSDictionary_DeepMutableCopy.h; sourceTree = "<group>"; };
		6051EA3E122AF42D002179BB /* NSDictionary_DeepMutableCopy.m */ = {isa = PBXFileReference; fileEncoding = 4; lastKnownFileType = sourcecode.c.objc; path = NSDictionary_DeepMutableCopy.m; sourceTree = "<group>"; };
		6051EA3F122AF42D002179BB /* RegexKitLite.h */ = {isa = PBXFileReference; fileEncoding = 4; lastKnownFileType = sourcecode.c.h; path = RegexKitLite.h; sourceTree = "<group>"; };
		6051EA40122AF42D002179BB /* RegexKitLite.m */ = {isa = PBXFileReference; fileEncoding = 4; lastKnownFileType = sourcecode.c.objc; path = RegexKitLite.m; sourceTree = "<group>"; };
		6051EA4B122AF447002179BB /* libicucore.dylib */ = {isa = PBXFileReference; lastKnownFileType = "compiled.mach-o.dylib"; name = libicucore.dylib; path = usr/lib/libicucore.dylib; sourceTree = SDKROOT; };
		6051EA4E122AF46D002179BB /* mail.html */ = {isa = PBXFileReference; fileEncoding = 4; lastKnownFileType = text.html; path = mail.html; sourceTree = "<group>"; };
		609EF3B71229493D0064F290 /* SchoolCell.h */ = {isa = PBXFileReference; fileEncoding = 4; lastKnownFileType = sourcecode.c.h; name = SchoolCell.h; path = Components/SchoolCell.h; sourceTree = "<group>"; };
		609EF3B81229493D0064F290 /* SchoolCell.m */ = {isa = PBXFileReference; fileEncoding = 4; lastKnownFileType = sourcecode.c.objc; name = SchoolCell.m; path = Components/SchoolCell.m; sourceTree = "<group>"; };
		609EF3FD12294C580064F290 /* ClassViewController.h */ = {isa = PBXFileReference; fileEncoding = 4; lastKnownFileType = sourcecode.c.h; path = ClassViewController.h; sourceTree = "<group>"; };
		609EF3FE12294C580064F290 /* ClassViewController.m */ = {isa = PBXFileReference; fileEncoding = 4; lastKnownFileType = sourcecode.c.objc; path = ClassViewController.m; sourceTree = "<group>"; };
		609EF3FF12294C580064F290 /* ClassViewController.xib */ = {isa = PBXFileReference; lastKnownFileType = file.xib; name = ClassViewController.xib; path = Classes/ClassViewController.xib; sourceTree = "<group>"; };
		609EF49D122952A60064F290 /* ClassForm.xib */ = {isa = PBXFileReference; lastKnownFileType = file.xib; path = ClassForm.xib; sourceTree = "<group>"; };
		609EF49F122952D20064F290 /* ClassFormController.h */ = {isa = PBXFileReference; fileEncoding = 4; lastKnownFileType = sourcecode.c.h; path = ClassFormController.h; sourceTree = "<group>"; };
		609EF4A0122952D20064F290 /* ClassFormController.m */ = {isa = PBXFileReference; fileEncoding = 4; lastKnownFileType = sourcecode.c.objc; path = ClassFormController.m; sourceTree = "<group>"; };
		60C15F1712298993004C5764 /* School.h */ = {isa = PBXFileReference; fileEncoding = 4; lastKnownFileType = sourcecode.c.h; name = School.h; path = Models/School.h; sourceTree = "<group>"; };
		60C15F1812298993004C5764 /* School.m */ = {isa = PBXFileReference; fileEncoding = 4; lastKnownFileType = sourcecode.c.objc; name = School.m; path = Models/School.m; sourceTree = "<group>"; };
		60C15F2C12298A5E004C5764 /* SchoolClass.h */ = {isa = PBXFileReference; fileEncoding = 4; lastKnownFileType = sourcecode.c.h; name = SchoolClass.h; path = Models/SchoolClass.h; sourceTree = "<group>"; };
		60C15F2D12298A5E004C5764 /* SchoolClass.m */ = {isa = PBXFileReference; fileEncoding = 4; lastKnownFileType = sourcecode.c.objc; name = SchoolClass.m; path = Models/SchoolClass.m; sourceTree = "<group>"; };
		8D1107310486CEB800E47090 /* SchoolsPics-Info.plist */ = {isa = PBXFileReference; fileEncoding = 4; lastKnownFileType = text.plist.xml; path = "SchoolsPics-Info.plist"; plistStructureDefinitionIdentifier = "com.apple.xcode.plist.structure-definition.iphone.info-plist"; sourceTree = "<group>"; };
/* End PBXFileReference section */

/* Begin PBXFrameworksBuildPhase section */
		1D60588F0D05DD3D006BFB54 /* Frameworks */ = {
			isa = PBXFrameworksBuildPhase;
			buildActionMask = 2147483647;
			files = (
				1D60589F0D05DD5A006BFB54 /* Foundation.framework in Frameworks */,
				1DF5F4E00D08C38300B7A737 /* UIKit.framework in Frameworks */,
				2892E4100DC94CBA00A64D0F /* CoreGraphics.framework in Frameworks */,
				280420C1108EA07E000629CD /* CoreData.framework in Frameworks */,
				6051EA1E122AF1F3002179BB /* MessageUI.framework in Frameworks */,
				6051EA4C122AF447002179BB /* libicucore.dylib in Frameworks */,
			);
			runOnlyForDeploymentPostprocessing = 0;
		};
/* End PBXFrameworksBuildPhase section */

/* Begin PBXGroup section */
		080E96DDFE201D6D7F000001 /* Classes */ = {
			isa = PBXGroup;
			children = (
				6051E7C4122AC809002179BB /* Controllers */,
				602B4DA7122A557E00124898 /* Frameworks */,
				60C15F151229897D004C5764 /* Models */,
				601828431227148400EFBFE1 /* Components */,
				1D3623240D0F684500981E51 /* SchoolsPicsAppDelegate.h */,
				1D3623250D0F684500981E51 /* SchoolsPicsAppDelegate.m */,
				28042007108E984D000629CD /* RootViewController.h */,
				28042008108E984D000629CD /* RootViewController.m */,
				28042009108E984D000629CD /* DetailViewController.h */,
				2804200A108E984D000629CD /* DetailViewController.m */,
				601826371226F8D300EFBFE1 /* SchoolFormController.h */,
				601826381226F8D300EFBFE1 /* SchoolFormController.m */,
				609EF3FD12294C580064F290 /* ClassViewController.h */,
				609EF3FE12294C580064F290 /* ClassViewController.m */,
				609EF49F122952D20064F290 /* ClassFormController.h */,
				609EF4A0122952D20064F290 /* ClassFormController.m */,
			);
			path = Classes;
			sourceTree = "<group>";
		};
		19C28FACFE9D520D11CA2CBB /* Products */ = {
			isa = PBXGroup;
			children = (
				1D6058910D05DD3D006BFB54 /* SchoolsPics.app */,
			);
			name = Products;
			sourceTree = "<group>";
		};
		29B97314FDCFA39411CA2CEA /* CustomTemplate */ = {
			isa = PBXGroup;
			children = (
				080E96DDFE201D6D7F000001 /* Classes */,
				29B97315FDCFA39411CA2CEA /* Other Sources */,
				29B97317FDCFA39411CA2CEA /* Resources */,
				29B97323FDCFA39411CA2CEA /* Frameworks */,
				19C28FACFE9D520D11CA2CBB /* Products */,
				6051EA1D122AF1F3002179BB /* MessageUI.framework */,
				6051EA4B122AF447002179BB /* libicucore.dylib */,
			);
			name = CustomTemplate;
			sourceTree = "<group>";
		};
		29B97315FDCFA39411CA2CEA /* Other Sources */ = {
			isa = PBXGroup;
			children = (
				28A0AAE50D9B0CCF005BE974 /* SchoolsPics_Prefix.pch */,
				29B97316FDCFA39411CA2CEA /* main.m */,
			);
			name = "Other Sources";
			sourceTree = "<group>";
		};
		29B97317FDCFA39411CA2CEA /* Resources */ = {
			isa = PBXGroup;
			children = (
				6051EA4D122AF458002179BB /* Templates */,
				609EF49D122952A60064F290 /* ClassForm.xib */,
				609EF3FF12294C580064F290 /* ClassViewController.xib */,
				2819300D112F7FA900ECF9B4 /* SchoolsPics.xcdatamodeld */,
				28AD735F0D9D9599002E5188 /* MainWindow.xib */,
				2804203B108E9BAB000629CD /* DetailView.xib */,
				8D1107310486CEB800E47090 /* SchoolsPics-Info.plist */,
				601826391226F8D300EFBFE1 /* SchoolForm.xib */,
			);
			name = Resources;
			sourceTree = "<group>";
		};
		29B97323FDCFA39411CA2CEA /* Frameworks */ = {
			isa = PBXGroup;
			children = (
				1DF5F4DF0D08C38300B7A737 /* UIKit.framework */,
				1D30AB110D05D00D00671497 /* Foundation.framework */,
				2892E40F0DC94CBA00A64D0F /* CoreGraphics.framework */,
				280420C0108EA07E000629CD /* CoreData.framework */,
			);
			name = Frameworks;
			sourceTree = "<group>";
		};
		601828431227148400EFBFE1 /* Components */ = {
			isa = PBXGroup;
			children = (
				601828441227149D00EFBFE1 /* CounterCell.h */,
				601828451227149D00EFBFE1 /* CounterCell.m */,
				609EF3B71229493D0064F290 /* SchoolCell.h */,
				609EF3B81229493D0064F290 /* SchoolCell.m */,
			);
			name = Components;
			sourceTree = "<group>";
		};
		602B4DA7122A557E00124898 /* Frameworks */ = {
			isa = PBXGroup;
			children = (
				6051EA2E122AF42D002179BB /* MGTemplateEngine */,
				602B4DAB122A558800124898 /* JAVBinarySearchAdditions */,
			);
			name = Frameworks;
			sourceTree = "<group>";
		};
		602B4DAB122A558800124898 /* JAVBinarySearchAdditions */ = {
			isa = PBXGroup;
			children = (
				602B4DAC122A558800124898 /* JAVBinarySearchAdditions.h */,
				602B4DAD122A558800124898 /* JAVBinarySearchAdditions.m */,
			);
			name = JAVBinarySearchAdditions;
			path = Frameworks/JAVBinarySearchAdditions;
			sourceTree = "<group>";
		};
		6051E7C4122AC809002179BB /* Controllers */ = {
			isa = PBXGroup;
			children = (
			);
			name = Controllers;
			sourceTree = "<group>";
		};
		6051EA2E122AF42D002179BB /* MGTemplateEngine */ = {
			isa = PBXGroup;
			children = (
				6051EA2F122AF42D002179BB /* DeepMutableCopy.h */,
				6051EA30122AF42D002179BB /* ICUTemplateMatcher.h */,
				6051EA31122AF42D002179BB /* ICUTemplateMatcher.m */,
				6051EA32122AF42D002179BB /* MGTemplateEngine.h */,
				6051EA33122AF42D002179BB /* MGTemplateEngine.m */,
				6051EA34122AF42D002179BB /* MGTemplateEngine_Prefix.pch */,
				6051EA35122AF42D002179BB /* MGTemplateFilter.h */,
				6051EA36122AF42D002179BB /* MGTemplateMarker.h */,
				6051EA37122AF42D002179BB /* MGTemplateStandardFilters.h */,
				6051EA38122AF42D002179BB /* MGTemplateStandardFilters.m */,
				6051EA39122AF42D002179BB /* MGTemplateStandardMarkers.h */,
				6051EA3A122AF42D002179BB /* MGTemplateStandardMarkers.m */,
				6051EA3B122AF42D002179BB /* NSArray_DeepMutableCopy.h */,
				6051EA3C122AF42D002179BB /* NSArray_DeepMutableCopy.m */,
				6051EA3D122AF42D002179BB /* NSDictionary_DeepMutableCopy.h */,
				6051EA3E122AF42D002179BB /* NSDictionary_DeepMutableCopy.m */,
				6051EA3F122AF42D002179BB /* RegexKitLite.h */,
				6051EA40122AF42D002179BB /* RegexKitLite.m */,
			);
			name = MGTemplateEngine;
			path = Frameworks/MGTemplateEngine;
			sourceTree = "<group>";
		};
		6051EA4D122AF458002179BB /* Templates */ = {
			isa = PBXGroup;
			children = (
				6051EA4E122AF46D002179BB /* mail.html */,
			);
			name = Templates;
			sourceTree = "<group>";
		};
		60C15F151229897D004C5764 /* Models */ = {
			isa = PBXGroup;
			children = (
				60C15F1712298993004C5764 /* School.h */,
				60C15F1812298993004C5764 /* School.m */,
				60C15F2C12298A5E004C5764 /* SchoolClass.h */,
				60C15F2D12298A5E004C5764 /* SchoolClass.m */,
			);
			name = Models;
			sourceTree = "<group>";
		};
/* End PBXGroup section */

/* Begin PBXNativeTarget section */
		1D6058900D05DD3D006BFB54 /* SchoolsPics */ = {
			isa = PBXNativeTarget;
			buildConfigurationList = 1D6058960D05DD3E006BFB54 /* Build configuration list for PBXNativeTarget "SchoolsPics" */;
			buildPhases = (
				1D60588D0D05DD3D006BFB54 /* Resources */,
				1D60588E0D05DD3D006BFB54 /* Sources */,
				1D60588F0D05DD3D006BFB54 /* Frameworks */,
			);
			buildRules = (
			);
			dependencies = (
			);
			name = SchoolsPics;
			productName = SchoolsPics;
			productReference = 1D6058910D05DD3D006BFB54 /* SchoolsPics.app */;
			productType = "com.apple.product-type.application";
		};
/* End PBXNativeTarget section */

/* Begin PBXProject section */
		29B97313FDCFA39411CA2CEA /* Project object */ = {
			isa = PBXProject;
			buildConfigurationList = C01FCF4E08A954540054247B /* Build configuration list for PBXProject "SchoolsPics" */;
			compatibilityVersion = "Xcode 3.2";
			hasScannedForEncodings = 1;
			knownRegions = (
				English,
				Japanese,
				French,
				German,
				en,
			);
			mainGroup = 29B97314FDCFA39411CA2CEA /* CustomTemplate */;
			projectDirPath = "";
			projectRoot = "";
			targets = (
				1D6058900D05DD3D006BFB54 /* SchoolsPics */,
			);
		};
/* End PBXProject section */

/* Begin PBXResourcesBuildPhase section */
		1D60588D0D05DD3D006BFB54 /* Resources */ = {
			isa = PBXResourcesBuildPhase;
			buildActionMask = 2147483647;
			files = (
				28AD73600D9D9599002E5188 /* MainWindow.xib in Resources */,
				2804203C108E9BAB000629CD /* DetailView.xib in Resources */,
				6018263B1226F8D300EFBFE1 /* SchoolForm.xib in Resources */,
				609EF40112294C580064F290 /* ClassViewController.xib in Resources */,
				609EF49E122952A60064F290 /* ClassForm.xib in Resources */,
				6051EA4F122AF46D002179BB /* mail.html in Resources */,
			);
			runOnlyForDeploymentPostprocessing = 0;
		};
/* End PBXResourcesBuildPhase section */

/* Begin PBXSourcesBuildPhase section */
		1D60588E0D05DD3D006BFB54 /* Sources */ = {
			isa = PBXSourcesBuildPhase;
			buildActionMask = 2147483647;
			files = (
				1D60589B0D05DD56006BFB54 /* main.m in Sources */,
				1D3623260D0F684500981E51 /* SchoolsPicsAppDelegate.m in Sources */,
				2804200B108E984D000629CD /* RootViewController.m in Sources */,
				2804200C108E984D000629CD /* DetailViewController.m in Sources */,
				2819300E112F7FA900ECF9B4 /* SchoolsPics.xcdatamodeld in Sources */,
				6018263A1226F8D300EFBFE1 /* SchoolFormController.m in Sources */,
				601826B8122704FA00EFBFE1 /* SchoolsPics.xcdatamodel in Sources */,
				601828461227149D00EFBFE1 /* CounterCell.m in Sources */,
				609EF3B91229493D0064F290 /* SchoolCell.m in Sources */,
				609EF40012294C580064F290 /* ClassViewController.m in Sources */,
				609EF4A1122952D20064F290 /* ClassFormController.m in Sources */,
				60C15F1912298993004C5764 /* School.m in Sources */,
				60C15F2E12298A5E004C5764 /* SchoolClass.m in Sources */,
				602B4DAE122A558800124898 /* JAVBinarySearchAdditions.m in Sources */,
				6051EA43122AF42D002179BB /* ICUTemplateMatcher.m in Sources */,
				6051EA44122AF42D002179BB /* MGTemplateEngine.m in Sources */,
				6051EA45122AF42D002179BB /* MGTemplateStandardFilters.m in Sources */,
				6051EA46122AF42D002179BB /* MGTemplateStandardMarkers.m in Sources */,
				6051EA47122AF42D002179BB /* NSArray_DeepMutableCopy.m in Sources */,
				6051EA48122AF42D002179BB /* NSDictionary_DeepMutableCopy.m in Sources */,
				6051EA49122AF42D002179BB /* RegexKitLite.m in Sources */,
			);
			runOnlyForDeploymentPostprocessing = 0;
		};
/* End PBXSourcesBuildPhase section */

/* Begin XCBuildConfiguration section */
		1D6058940D05DD3E006BFB54 /* Debug */ = {
			isa = XCBuildConfiguration;
			buildSettings = {
				ALWAYS_SEARCH_USER_PATHS = NO;
				COPY_PHASE_STRIP = NO;
				GCC_DYNAMIC_NO_PIC = NO;
				GCC_OPTIMIZATION_LEVEL = 0;
				GCC_PRECOMPILE_PREFIX_HEADER = YES;
				GCC_PREFIX_HEADER = SchoolsPics_Prefix.pch;
				INFOPLIST_FILE = "SchoolsPics-Info.plist";
				PRODUCT_NAME = SchoolsPics;
			};
			name = Debug;
		};
		1D6058950D05DD3E006BFB54 /* Release */ = {
			isa = XCBuildConfiguration;
			buildSettings = {
				ALWAYS_SEARCH_USER_PATHS = NO;
				COPY_PHASE_STRIP = YES;
				GCC_PRECOMPILE_PREFIX_HEADER = YES;
				GCC_PREFIX_HEADER = SchoolsPics_Prefix.pch;
				INFOPLIST_FILE = "SchoolsPics-Info.plist";
				PRODUCT_NAME = SchoolsPics;
				VALIDATE_PRODUCT = YES;
			};
			name = Release;
		};
		C01FCF4F08A954540054247B /* Debug */ = {
			isa = XCBuildConfiguration;
			buildSettings = {
				ARCHS = "$(ARCHS_UNIVERSAL_IPHONE_OS)";
				"CODE_SIGN_IDENTITY[sdk=iphoneos*]" = "iPhone Developer";
				GCC_C_LANGUAGE_STANDARD = c99;
				GCC_VERSION = com.apple.compilers.llvm.clang.1_0;
				GCC_WARN_ABOUT_RETURN_TYPE = YES;
				GCC_WARN_UNUSED_VARIABLE = YES;
				OTHER_CFLAGS = (
					"-Xclang",
					"-fobjc-nonfragile-abi2",
				);
				PREBINDING = NO;
				SDKROOT = iphoneos3.2;
				TARGETED_DEVICE_FAMILY = 2;
			};
			name = Debug;
		};
		C01FCF5008A954540054247B /* Release */ = {
			isa = XCBuildConfiguration;
			buildSettings = {
				ARCHS = "$(ARCHS_UNIVERSAL_IPHONE_OS)";
				"CODE_SIGN_IDENTITY[sdk=iphoneos*]" = "iPhone Developer";
				GCC_C_LANGUAGE_STANDARD = c99;
				GCC_WARN_ABOUT_RETURN_TYPE = YES;
				GCC_WARN_UNUSED_VARIABLE = YES;
				OTHER_CFLAGS = "-DNS_BLOCK_ASSERTIONS=1";
				PREBINDING = NO;
				SDKROOT = iphoneos3.2;
				TARGETED_DEVICE_FAMILY = 2;
			};
			name = Release;
		};
/* End XCBuildConfiguration section */

/* Begin XCConfigurationList section */
		1D6058960D05DD3E006BFB54 /* Build configuration list for PBXNativeTarget "SchoolsPics" */ = {
			isa = XCConfigurationList;
			buildConfigurations = (
				1D6058940D05DD3E006BFB54 /* Debug */,
				1D6058950D05DD3E006BFB54 /* Release */,
			);
			defaultConfigurationIsVisible = 0;
			defaultConfigurationName = Release;
		};
		C01FCF4E08A954540054247B /* Build configuration list for PBXProject "SchoolsPics" */ = {
			isa = XCConfigurationList;
			buildConfigurations = (
				C01FCF4F08A954540054247B /* Debug */,
				C01FCF5008A954540054247B /* Release */,
			);
			defaultConfigurationIsVisible = 0;
			defaultConfigurationName = Release;
		};
/* End XCConfigurationList section */

/* Begin XCVersionGroup section */
		2819300D112F7FA900ECF9B4 /* SchoolsPics.xcdatamodeld */ = {
			isa = XCVersionGroup;
			children = (
				280420B3108E9F58000629CD /* SchoolsPics.xcdatamodel */,
			);
			currentVersion = 280420B3108E9F58000629CD /* SchoolsPics.xcdatamodel */;
			path = SchoolsPics.xcdatamodeld;
			sourceTree = "<group>";
			versionGroupType = wrapper.xcdatamodel;
		};
/* End XCVersionGroup section */
	};
	rootObject = 29B97313FDCFA39411CA2CEA /* Project object */;
}
